
Microsoft Visual Studio Solution File, Format Version 12.00
# Visual Studio 14
VisualStudioVersion = 14.0.25420.1
MinimumVisualStudioVersion = 10.0.40219.1
Project("{FAE04EC0-301F-11D3-BF4B-00C04F79EFBC}") = "MyFirstWinForm", "MyRirstWinForm\MyFirstWinForm.csproj", "{D210F4BC-C65A-4BE9-92E5-ED785B8A630B}"
EndProject
Project("{FAE04EC0-301F-11D3-BF4B-00C04F79EFBC}") = "SimpleCalculator1", "SimpleCalculator1\SimpleCalculator1.csproj", "{EDE6C6D7-DDE1-434B-B0F8-4CDFB913B2F9}"
EndProject
Project("{FAE04EC0-301F-11D3-BF4B-00C04F79EFBC}") = "SimpleCalculator02", "SimpleCalculator02\SimpleCalculator02.csproj", "{88DAEE84-DC1F-41B5-990F-1D5BA73D3A00}"
EndProject
Project("{FAE04EC0-301F-11D3-BF4B-00C04F79EFBC}") = "SimpleCaculation03", "SimpleCaculation03\SimpleCaculation03.csproj", "{0469A1AB-2609-4DB6-B9C9-8C06FBE17B38}"
EndProject
Global
	GlobalSection(SolutionConfigurationPlatforms) = preSolution
		Debug|Any CPU = Debug|Any CPU
		Release|Any CPU = Release|Any CPU
	EndGlobalSection
	GlobalSection(ProjectConfigurationPlatforms) = postSolution
		{D210F4BC-C65A-4BE9-92E5-ED785B8A630B}.Debug|Any CPU.ActiveCfg = Debug|Any CPU
		{D210F4BC-C65A-4BE9-92E5-ED785B8A630B}.Debug|Any CPU.Build.0 = Debug|Any CPU
		{D210F4BC-C65A-4BE9-92E5-ED785B8A630B}.Release|Any CPU.ActiveCfg = Release|Any CPU
		{D210F4BC-C65A-4BE9-92E5-ED785B8A630B}.Release|Any CPU.Build.0 = Release|Any CPU
		{EDE6C6D7-DDE1-434B-B0F8-4CDFB913B2F9}.Debug|Any CPU.ActiveCfg = Debug|Any CPU
		{EDE6C6D7-DDE1-434B-B0F8-4CDFB913B2F9}.Debug|Any CPU.Build.0 = Debug|Any CPU
		{EDE6C6D7-DDE1-434B-B0F8-4CDFB913B2F9}.Release|Any CPU.ActiveCfg = Release|Any CPU
		{EDE6C6D7-DDE1-434B-B0F8-4CDFB913B2F9}.Release|Any CPU.Build.0 = Release|Any CPU
		{88DAEE84-DC1F-41B5-990F-1D5BA73D3A00}.Debug|Any CPU.ActiveCfg = Debug|Any CPU
		{88DAEE84-DC1F-41B5-990F-1D5BA73D3A00}.Debug|Any CPU.Build.0 = Debug|Any CPU
		{88DAEE84-DC1F-41B5-990F-1D5BA73D3A00}.Release|Any CPU.ActiveCfg = Release|Any CPU
		{88DAEE84-DC1F-41B5-990F-1D5BA73D3A00}.Release|Any CPU.Build.0 = Release|Any CPU
		{0469A1AB-2609-4DB6-B9C9-8C06FBE17B38}.Debug|Any CPU.ActiveCfg = Debug|Any CPU
		{0469A1AB-2609-4DB6-B9C9-8C06FBE17B38}.Debug|Any CPU.Build.0 = Debug|Any CPU
		{0469A1AB-2609-4DB6-B9C9-8C06FBE17B38}.Release|Any CPU.ActiveCfg = Release|Any CPU
		{0469A1AB-2609-4DB6-B9C9-8C06FBE17B38}.Release|Any CPU.Build.0 = Release|Any CPU
	EndGlobalSection
	GlobalSection(SolutionProperties) = preSolution
		HideSolutionNode = FALSE
	EndGlobalSection
EndGlobal
